{
  "version": 4,
  "terraform_version": "1.9.7",
  "serial": 3,
  "lineage": "fcf63579-af39-fa8b-d994-32c218eac6d2",
  "outputs": {},
  "resources": [
    {
      "mode": "managed",
      "type": "proxmox_vm_qemu",
      "name": "ubuntu2204",
      "provider": "provider[\"registry.terraform.io/telmate/proxmox\"]",
      "instances": [
        {
          "status": "tainted",
          "schema_version": 0,
          "attributes": {
            "additional_wait": 5,
            "agent": 1,
            "agent_timeout": null,
            "args": "",
            "automatic_reboot": true,
            "balloon": 0,
            "bios": "seabios",
            "boot": "order=virtio0",
            "bootdisk": "",
            "ci_wait": null,
            "cicustom": null,
            "cipassword": "",
            "ciupgrade": false,
            "ciuser": "anderson.a",
            "clone": "ubuntu-cloud-base",
            "clone_wait": 10,
            "cores": 1,
            "cpu": "host",
            "default_ipv4_address": "",
            "default_ipv6_address": "",
            "define_connection_info": true,
            "desc": "A test for using terraform and cloudinit",
            "disk": [],
            "disks": [
              {
                "ide": [
                  {
                    "ide0": [],
                    "ide1": [],
                    "ide2": [],
                    "ide3": [
                      {
                        "cdrom": [],
                        "cloudinit": [
                          {
                            "storage": "local-lvm"
                          }
                        ],
                        "disk": [],
                        "passthrough": []
                      }
                    ]
                  }
                ],
                "sata": [],
                "scsi": [],
                "virtio": [
                  {
                    "virtio0": [
                      {
                        "cdrom": [],
                        "disk": [
                          {
                            "asyncio": "",
                            "backup": true,
                            "cache": "",
                            "discard": false,
                            "format": "raw",
                            "id": 1,
                            "iops_r_burst": 0,
                            "iops_r_burst_length": 0,
                            "iops_r_concurrent": 0,
                            "iops_wr_burst": 0,
                            "iops_wr_burst_length": 0,
                            "iops_wr_concurrent": 0,
                            "iothread": false,
                            "linked_disk_id": -1,
                            "mbps_r_burst": 0,
                            "mbps_r_concurrent": 0,
                            "mbps_wr_burst": 0,
                            "mbps_wr_concurrent": 0,
                            "readonly": false,
                            "replicate": false,
                            "serial": "",
                            "size": "2252M",
                            "storage": "local-lvm",
                            "wwn": ""
                          }
                        ],
                        "passthrough": []
                      }
                    ],
                    "virtio1": [],
                    "virtio10": [],
                    "virtio11": [],
                    "virtio12": [],
                    "virtio13": [],
                    "virtio14": [],
                    "virtio15": [],
                    "virtio2": [],
                    "virtio3": [],
                    "virtio4": [],
                    "virtio5": [],
                    "virtio6": [],
                    "virtio7": [],
                    "virtio8": [],
                    "virtio9": []
                  }
                ]
              }
            ],
            "efidisk": [],
            "force_create": false,
            "force_recreate_on_change_of": null,
            "full_clone": true,
            "hagroup": "",
            "hastate": "",
            "hostpci": [],
            "hotplug": "network,disk,usb",
            "id": "anderson/qemu/100",
            "ipconfig0": "ip=dhcp",
            "ipconfig1": null,
            "ipconfig10": null,
            "ipconfig11": null,
            "ipconfig12": null,
            "ipconfig13": null,
            "ipconfig14": null,
            "ipconfig15": null,
            "ipconfig2": null,
            "ipconfig3": null,
            "ipconfig4": null,
            "ipconfig5": null,
            "ipconfig6": null,
            "ipconfig7": null,
            "ipconfig8": null,
            "ipconfig9": null,
            "kvm": true,
            "linked_vmid": 0,
            "machine": "",
            "memory": 1024,
            "name": "Ununtu2204",
            "nameserver": "8.8.8.8",
            "network": [
              {
                "bridge": "vmbr0",
                "firewall": false,
                "link_down": false,
                "macaddr": "BE:78:72:92:EC:F9",
                "model": "virtio",
                "mtu": 0,
                "queues": 0,
                "rate": 0,
                "tag": -1
              }
            ],
            "numa": false,
            "onboot": false,
            "os_network_config": null,
            "os_type": "cloud-init",
            "pool": "",
            "protection": false,
            "pxe": null,
            "qemu_os": "other",
            "reboot_required": false,
            "scsihw": "virtio-scsi-pci",
            "searchdomain": "",
            "serial": [],
            "skip_ipv4": false,
            "skip_ipv6": false,
            "smbios": [
              {
                "family": "",
                "manufacturer": "",
                "product": "",
                "serial": "",
                "sku": "",
                "uuid": "478e5b66-db2f-4c34-9109-09069aa4c6bf",
                "version": ""
              }
            ],
            "sockets": 1,
            "ssh_forward_ip": null,
            "ssh_host": "",
            "ssh_port": "22",
            "ssh_private_key": null,
            "ssh_user": null,
            "sshkeys": "",
            "startup": "",
            "tablet": true,
            "tags": "",
            "target_node": "anderson",
            "target_nodes": null,
            "timeouts": null,
            "unused_disk": [
              {
                "file": "vm-100-disk-0",
                "slot": 0,
                "storage": "local-lvm"
              }
            ],
            "usb": [],
            "vcpus": 0,
            "vga": [],
            "vm_state": "running",
            "vmid": null
          },
          "sensitive_attributes": [
            [
              {
                "type": "get_attr",
                "value": "cipassword"
              }
            ],
            [
              {
                "type": "get_attr",
                "value": "ssh_private_key"
              }
            ]
          ],
          "private": "eyJlMmJmYjczMC1lY2FhLTExZTYtOGY4OC0zNDM2M2JjN2M0YzAiOnsiY3JlYXRlIjoxMjAwMDAwMDAwMDAwLCJkZWZhdWx0IjoxMjAwMDAwMDAwMDAwLCJkZWxldGUiOjEyMDAwMDAwMDAwMDAsInJlYWQiOjEyMDAwMDAwMDAwMDAsInVwZGF0ZSI6MTIwMDAwMDAwMDAwMH19"
        }
      ]
    }
  ],
  "check_results": null
}
