{
  "version": 4,
  "terraform_version": "1.9.3",
  "serial": 18,
  "lineage": "c54c5140-3de2-1921-664b-74449a45c868",
  "outputs": {
    "instance_fip": {
      "value": "91.219.226.98",
      "type": "string"
    }
  },
  "resources": [
    {
      "mode": "data",
      "type": "vkcs_compute_flavor",
      "name": "compute",
      "provider": "provider[\"registry.terraform.io/vk-cs/vkcs\"]",
      "instances": [
        {
          "schema_version": 0,
          "attributes": {
            "disk": 0,
            "extra_specs": {
              "agg_common": "true",
              "filter:cascadelake": "true",
              "hw:cpu_sockets": "1",
              "mcs:cpu_generation": "cascadelake-v1",
              "mcs:cpu_type": "standard"
            },
            "flavor_id": "56e2fec6-ce41-4832-b537-7cbe95757aac",
            "id": "56e2fec6-ce41-4832-b537-7cbe95757aac",
            "is_public": true,
            "min_disk": null,
            "min_ram": null,
            "name": "STD2-1-2",
            "ram": 2048,
            "region": null,
            "rx_tx_factor": 1,
            "swap": 0,
            "vcpus": 1
          },
          "sensitive_attributes": []
        }
      ]
    },
    {
      "mode": "data",
      "type": "vkcs_compute_keypair",
      "name": "sng",
      "provider": "provider[\"registry.terraform.io/vk-cs/vkcs\"]",
      "instances": [
        {
          "schema_version": 0,
          "attributes": {
            "fingerprint": "46:ce:f5:7a:8d:7a:fc:d9:6f:03:9f:94:99:87:38:63",
            "id": "alexanderson",
            "name": "alexanderson",
            "public_key": "ssh-rsa AAAAB3NzaC1yc2EAAAADAQABAAABAQCygSQWkxPYeBI9Fbl+M9vY2Vrxsshol8ud3dqHzT0OVi+faDVo/W1VE72RM1+3ipHp5VUj67M1HYYSDHSE5wupocNumHi/5Xf+NAX2XS3F/MeK5V7/2wMhzhDNw6mOKRbASgUb+JguUAS3/vC3AExEnGAWB4EtmA/Llcxb8wzqKuuMLlNFV5AvWubYT/HKPAUP+joF45yVdzXJTexQz+4h6mavzTm6rN5zG2E0hUAZPwIe2yVcRVoHHYvBXZRQ9pcXoToOYTjgvKCzjiP0Miz2cnrPPUU6+KBP3j4DmfzvL7TvrNE5anRiZnjvPaUZv2zceoSwBB2wjlWCqNoFmsGr Generated-by-Nova",
            "region": "RegionOne"
          },
          "sensitive_attributes": []
        }
      ]
    },
    {
      "mode": "data",
      "type": "vkcs_images_image",
      "name": "compute",
      "provider": "provider[\"registry.terraform.io/vk-cs/vkcs\"]",
      "instances": [
        {
          "schema_version": 0,
          "attributes": {
            "checksum": "854082f6cc9f264db2ae8568ea4185aa",
            "container_format": "bare",
            "created_at": "2024-04-22T09:47:24Z",
            "default": null,
            "disk_format": "qcow2",
            "file": "/v2/images/5357563e-ae89-4141-8127-018d2088f33d/file",
            "id": "5357563e-ae89-4141-8127-018d2088f33d",
            "member_status": null,
            "metadata": {},
            "min_disk_gb": 4,
            "min_ram_mb": 0,
            "most_recent": false,
            "name": "ubuntu-22-202404160933.gitd6495fe9",
            "owner": "432fd5d3387444b3b84a58d0a6df9eb9",
            "properties": null,
            "protected": false,
            "region": "RegionOne",
            "schema": "/v2/schemas/image",
            "size_bytes": 683868160,
            "size_max": null,
            "size_min": null,
            "tag": null,
            "tags": [],
            "updated_at": "2024-04-22T09:47:47Z",
            "visibility": "public"
          },
          "sensitive_attributes": []
        }
      ]
    },
    {
      "mode": "data",
      "type": "vkcs_networking_network",
      "name": "extnet",
      "provider": "provider[\"registry.terraform.io/vk-cs/vkcs\"]",
      "instances": [
        {
          "schema_version": 0,
          "attributes": {
            "admin_state_up": "true",
            "all_tags": [
              "red"
            ],
            "description": "",
            "external": true,
            "id": "ec8c610e-6387-447e-83d2-d2c541e88164",
            "matching_subnet_cidr": null,
            "name": "internet",
            "network_id": null,
            "private_dns_domain": "",
            "region": "RegionOne",
            "sdn": "sprut",
            "shared": "true",
            "status": null,
            "subnets": [
              "1c623b92-146c-46a6-9ffd-fa69eb2239b7",
              "4bb55beb-0650-4d60-a3a0-8a38210440d7",
              "6a0246a8-a117-4725-a38c-7f93952e0994",
              "72427904-ed22-4a74-b718-a33567991d44",
              "9434a136-e928-4fd4-816a-24016025fa10",
              "ce5f81a2-09c4-41cd-9372-1f75c39e5a49"
            ],
            "tags": null,
            "tenant_id": "9d013ed7c41e4bf38dd91f899e40185a",
            "vkcs_services_access": false
          },
          "sensitive_attributes": []
        }
      ]
    },
    {
      "mode": "managed",
      "type": "vkcs_compute_floatingip_associate",
      "name": "sng_1",
      "provider": "provider[\"registry.terraform.io/vk-cs/vkcs\"]",
      "instances": [
        {
          "schema_version": 0,
          "attributes": {
            "fixed_ip": "",
            "floating_ip": "91.219.226.98",
            "id": "91.219.226.98/2d5683c7-8db6-4ecd-a14f-31c8b033a97a/",
            "instance_id": "2d5683c7-8db6-4ecd-a14f-31c8b033a97a",
            "region": "RegionOne",
            "timeouts": null,
            "wait_until_associated": null
          },
          "sensitive_attributes": [],
          "private": "eyJlMmJmYjczMC1lY2FhLTExZTYtOGY4OC0zNDM2M2JjN2M0YzAiOnsiY3JlYXRlIjo2MDAwMDAwMDAwMDB9fQ==",
          "dependencies": [
            "data.vkcs_compute_flavor.compute",
            "data.vkcs_compute_keypair.sng",
            "data.vkcs_images_image.compute",
            "data.vkcs_networking_network.extnet",
            "vkcs_compute_instance.sng_1",
            "vkcs_networking_floatingip.sng_1",
            "vkcs_networking_network.sng",
            "vkcs_networking_subnet.sng"
          ]
        }
      ]
    },
    {
      "mode": "managed",
      "type": "vkcs_compute_floatingip_associate",
      "name": "sng_2",
      "provider": "provider[\"registry.terraform.io/vk-cs/vkcs\"]",
      "instances": [
        {
          "schema_version": 0,
          "attributes": {
            "fixed_ip": "",
            "floating_ip": "91.219.227.56",
            "id": "91.219.227.56/a08656b7-e134-4f88-858e-d29c127fc043/",
            "instance_id": "a08656b7-e134-4f88-858e-d29c127fc043",
            "region": "RegionOne",
            "timeouts": null,
            "wait_until_associated": null
          },
          "sensitive_attributes": [],
          "private": "eyJlMmJmYjczMC1lY2FhLTExZTYtOGY4OC0zNDM2M2JjN2M0YzAiOnsiY3JlYXRlIjo2MDAwMDAwMDAwMDB9fQ==",
          "dependencies": [
            "data.vkcs_compute_flavor.compute",
            "data.vkcs_compute_keypair.sng",
            "data.vkcs_images_image.compute",
            "data.vkcs_networking_network.extnet",
            "vkcs_compute_instance.sng_2",
            "vkcs_networking_floatingip.sng_2",
            "vkcs_networking_network.sng",
            "vkcs_networking_subnet.sng"
          ]
        }
      ]
    },
    {
      "mode": "managed",
      "type": "vkcs_compute_instance",
      "name": "sng_1",
      "provider": "provider[\"registry.terraform.io/vk-cs/vkcs\"]",
      "instances": [
        {
          "schema_version": 0,
          "attributes": {
            "access_ip_v4": "192.168.199.129",
            "admin_pass": null,
            "all_metadata": {},
            "all_tags": [],
            "availability_zone": "MS1",
            "block_device": [
              {
                "boot_index": 0,
                "delete_on_termination": true,
                "destination_type": "volume",
                "device_type": "",
                "disk_bus": "",
                "guest_format": "",
                "source_type": "image",
                "uuid": "5357563e-ae89-4141-8127-018d2088f33d",
                "volume_size": 10,
                "volume_type": "ceph-ssd"
              }
            ],
            "config_drive": null,
            "flavor_id": "56e2fec6-ce41-4832-b537-7cbe95757aac",
            "flavor_name": "STD2-1-2",
            "force_delete": false,
            "id": "2d5683c7-8db6-4ecd-a14f-31c8b033a97a",
            "image_id": "Attempt to boot from volume - no image supplied",
            "image_name": null,
            "key_pair": "alexanderson",
            "metadata": null,
            "name": "sng_1",
            "network": [
              {
                "access_network": false,
                "fixed_ip_v4": "192.168.199.129",
                "mac": "fa:16:3e:2f:9a:be",
                "name": "sng-net",
                "port": "",
                "uuid": "1de11c52-13ab-43a2-926b-3b44a5e367b9"
              }
            ],
            "network_mode": null,
            "personality": [],
            "power_state": "active",
            "region": "RegionOne",
            "scheduler_hints": [],
            "security_groups": [
              "default",
              "ssh+www"
            ],
            "stop_before_destroy": false,
            "tags": null,
            "timeouts": null,
            "user_data": null,
            "vendor_options": []
          },
          "sensitive_attributes": [
            [
              {
                "type": "get_attr",
                "value": "admin_pass"
              }
            ]
          ],
          "private": "eyJlMmJmYjczMC1lY2FhLTExZTYtOGY4OC0zNDM2M2JjN2M0YzAiOnsiY3JlYXRlIjoxODAwMDAwMDAwMDAwLCJkZWxldGUiOjE4MDAwMDAwMDAwMDAsInVwZGF0ZSI6MTgwMDAwMDAwMDAwMH19",
          "dependencies": [
            "data.vkcs_compute_flavor.compute",
            "data.vkcs_compute_keypair.sng",
            "data.vkcs_images_image.compute",
            "vkcs_networking_network.sng",
            "vkcs_networking_subnet.sng"
          ]
        }
      ]
    },
    {
      "mode": "managed",
      "type": "vkcs_compute_instance",
      "name": "sng_2",
      "provider": "provider[\"registry.terraform.io/vk-cs/vkcs\"]",
      "instances": [
        {
          "schema_version": 0,
          "attributes": {
            "access_ip_v4": "192.168.199.145",
            "admin_pass": null,
            "all_metadata": {},
            "all_tags": [],
            "availability_zone": "MS1",
            "block_device": [
              {
                "boot_index": 0,
                "delete_on_termination": true,
                "destination_type": "volume",
                "device_type": "",
                "disk_bus": "",
                "guest_format": "",
                "source_type": "image",
                "uuid": "5357563e-ae89-4141-8127-018d2088f33d",
                "volume_size": 10,
                "volume_type": "ceph-ssd"
              }
            ],
            "config_drive": null,
            "flavor_id": "56e2fec6-ce41-4832-b537-7cbe95757aac",
            "flavor_name": "STD2-1-2",
            "force_delete": false,
            "id": "a08656b7-e134-4f88-858e-d29c127fc043",
            "image_id": "Attempt to boot from volume - no image supplied",
            "image_name": null,
            "key_pair": "alexanderson",
            "metadata": null,
            "name": "sng_2",
            "network": [
              {
                "access_network": false,
                "fixed_ip_v4": "192.168.199.145",
                "mac": "fa:16:3e:aa:26:ae",
                "name": "sng-net",
                "port": "",
                "uuid": "1de11c52-13ab-43a2-926b-3b44a5e367b9"
              }
            ],
            "network_mode": null,
            "personality": [],
            "power_state": "active",
            "region": "RegionOne",
            "scheduler_hints": [],
            "security_groups": [
              "default"
            ],
            "stop_before_destroy": false,
            "tags": null,
            "timeouts": null,
            "user_data": null,
            "vendor_options": []
          },
          "sensitive_attributes": [
            [
              {
                "type": "get_attr",
                "value": "admin_pass"
              }
            ]
          ],
          "private": "eyJlMmJmYjczMC1lY2FhLTExZTYtOGY4OC0zNDM2M2JjN2M0YzAiOnsiY3JlYXRlIjoxODAwMDAwMDAwMDAwLCJkZWxldGUiOjE4MDAwMDAwMDAwMDAsInVwZGF0ZSI6MTgwMDAwMDAwMDAwMH19",
          "dependencies": [
            "data.vkcs_compute_flavor.compute",
            "data.vkcs_compute_keypair.sng",
            "data.vkcs_images_image.compute",
            "vkcs_networking_network.sng",
            "vkcs_networking_subnet.sng"
          ]
        }
      ]
    },
    {
      "mode": "managed",
      "type": "vkcs_lb_listener",
      "name": "sng_lb",
      "provider": "provider[\"registry.terraform.io/vk-cs/vkcs\"]",
      "instances": [
        {
          "schema_version": 0,
          "attributes": {
            "admin_state_up": true,
            "allowed_cidrs": null,
            "connection_limit": -1,
            "default_pool_id": "",
            "default_tls_container_ref": "",
            "description": "",
            "id": "a231dc2d-b79e-41cf-88b2-2b57b0de7313",
            "insert_headers": null,
            "loadbalancer_id": "80a87a7c-3508-4d09-8904-44a5ddeb479c",
            "name": "listener",
            "protocol": "HTTP",
            "protocol_port": 80,
            "region": "RegionOne",
            "sni_container_refs": null,
            "timeout_client_data": 50000,
            "timeout_member_connect": 5000,
            "timeout_member_data": 50000,
            "timeout_tcp_inspect": 0,
            "timeouts": null
          },
          "sensitive_attributes": [],
          "private": "eyJlMmJmYjczMC1lY2FhLTExZTYtOGY4OC0zNDM2M2JjN2M0YzAiOnsiY3JlYXRlIjo2MDAwMDAwMDAwMDAsImRlbGV0ZSI6NjAwMDAwMDAwMDAwLCJ1cGRhdGUiOjYwMDAwMDAwMDAwMH19",
          "dependencies": [
            "vkcs_lb_loadbalancer.sng",
            "vkcs_networking_network.sng",
            "vkcs_networking_subnet.sng"
          ]
        }
      ]
    },
    {
      "mode": "managed",
      "type": "vkcs_lb_loadbalancer",
      "name": "sng",
      "provider": "provider[\"registry.terraform.io/vk-cs/vkcs\"]",
      "instances": [
        {
          "schema_version": 0,
          "attributes": {
            "admin_state_up": true,
            "availability_zone": "",
            "description": "",
            "id": "80a87a7c-3508-4d09-8904-44a5ddeb479c",
            "name": "sng_loadbalancer",
            "region": "RegionOne",
            "security_group_ids": [
              "f49fb9ac-0786-41f2-9dfe-c30aa014c955"
            ],
            "tags": [
              "sng"
            ],
            "timeouts": null,
            "vip_address": "192.168.199.74",
            "vip_network_id": "1de11c52-13ab-43a2-926b-3b44a5e367b9",
            "vip_port_id": "7bb2158e-82c2-40e7-869e-cfb3da186c90",
            "vip_subnet_id": "9e68a0a7-dd88-4055-8bd2-59277c8323f7"
          },
          "sensitive_attributes": [],
          "private": "eyJlMmJmYjczMC1lY2FhLTExZTYtOGY4OC0zNDM2M2JjN2M0YzAiOnsiY3JlYXRlIjo2MDAwMDAwMDAwMDAsImRlbGV0ZSI6MzAwMDAwMDAwMDAwLCJ1cGRhdGUiOjYwMDAwMDAwMDAwMH19",
          "dependencies": [
            "vkcs_networking_network.sng",
            "vkcs_networking_subnet.sng"
          ]
        }
      ]
    },
    {
      "mode": "managed",
      "type": "vkcs_lb_member",
      "name": "sng_1",
      "provider": "provider[\"registry.terraform.io/vk-cs/vkcs\"]",
      "instances": [
        {
          "schema_version": 0,
          "attributes": {
            "address": "192.168.199.129",
            "admin_state_up": true,
            "id": "c052971e-2bae-49da-b79f-46c066094460",
            "name": "",
            "pool_id": "3cea7454-0271-4cdd-92c4-6bc90990d5fd",
            "protocol_port": 80,
            "region": "RegionOne",
            "subnet_id": "9e68a0a7-dd88-4055-8bd2-59277c8323f7",
            "timeouts": null,
            "weight": 5
          },
          "sensitive_attributes": [],
          "private": "eyJlMmJmYjczMC1lY2FhLTExZTYtOGY4OC0zNDM2M2JjN2M0YzAiOnsiY3JlYXRlIjo2MDAwMDAwMDAwMDAsImRlbGV0ZSI6NjAwMDAwMDAwMDAwLCJ1cGRhdGUiOjYwMDAwMDAwMDAwMH19",
          "dependencies": [
            "data.vkcs_compute_flavor.compute",
            "data.vkcs_compute_keypair.sng",
            "data.vkcs_images_image.compute",
            "vkcs_compute_instance.sng_1",
            "vkcs_lb_listener.sng_lb",
            "vkcs_lb_loadbalancer.sng",
            "vkcs_lb_pool.sng",
            "vkcs_networking_network.sng",
            "vkcs_networking_subnet.sng"
          ]
        }
      ]
    },
    {
      "mode": "managed",
      "type": "vkcs_lb_member",
      "name": "sng_2",
      "provider": "provider[\"registry.terraform.io/vk-cs/vkcs\"]",
      "instances": [
        {
          "schema_version": 0,
          "attributes": {
            "address": "192.168.199.145",
            "admin_state_up": true,
            "id": "0bea1b7c-188a-465a-bc40-dca5fe030237",
            "name": "",
            "pool_id": "3cea7454-0271-4cdd-92c4-6bc90990d5fd",
            "protocol_port": 80,
            "region": "RegionOne",
            "subnet_id": "9e68a0a7-dd88-4055-8bd2-59277c8323f7",
            "timeouts": null,
            "weight": 5
          },
          "sensitive_attributes": [],
          "private": "eyJlMmJmYjczMC1lY2FhLTExZTYtOGY4OC0zNDM2M2JjN2M0YzAiOnsiY3JlYXRlIjo2MDAwMDAwMDAwMDAsImRlbGV0ZSI6NjAwMDAwMDAwMDAwLCJ1cGRhdGUiOjYwMDAwMDAwMDAwMH19",
          "dependencies": [
            "data.vkcs_compute_flavor.compute",
            "data.vkcs_compute_keypair.sng",
            "data.vkcs_images_image.compute",
            "vkcs_compute_instance.sng_2",
            "vkcs_lb_listener.sng_lb",
            "vkcs_lb_loadbalancer.sng",
            "vkcs_lb_pool.sng",
            "vkcs_networking_network.sng",
            "vkcs_networking_subnet.sng"
          ]
        }
      ]
    },
    {
      "mode": "managed",
      "type": "vkcs_lb_pool",
      "name": "sng",
      "provider": "provider[\"registry.terraform.io/vk-cs/vkcs\"]",
      "instances": [
        {
          "schema_version": 0,
          "attributes": {
            "admin_state_up": true,
            "description": "",
            "id": "3cea7454-0271-4cdd-92c4-6bc90990d5fd",
            "lb_method": "ROUND_ROBIN",
            "listener_id": "a231dc2d-b79e-41cf-88b2-2b57b0de7313",
            "loadbalancer_id": null,
            "name": "pool",
            "persistence": [
              {
                "cookie_name": "",
                "type": ""
              }
            ],
            "protocol": "HTTP",
            "region": "RegionOne",
            "timeouts": null
          },
          "sensitive_attributes": [],
          "private": "eyJlMmJmYjczMC1lY2FhLTExZTYtOGY4OC0zNDM2M2JjN2M0YzAiOnsiY3JlYXRlIjo2MDAwMDAwMDAwMDAsImRlbGV0ZSI6NjAwMDAwMDAwMDAwLCJ1cGRhdGUiOjYwMDAwMDAwMDAwMH19",
          "dependencies": [
            "vkcs_lb_listener.sng_lb",
            "vkcs_lb_loadbalancer.sng",
            "vkcs_networking_network.sng",
            "vkcs_networking_subnet.sng"
          ]
        }
      ]
    },
    {
      "mode": "managed",
      "type": "vkcs_networking_floatingip",
      "name": "sng_1",
      "provider": "provider[\"registry.terraform.io/vk-cs/vkcs\"]",
      "instances": [
        {
          "schema_version": 0,
          "attributes": {
            "address": "91.219.226.98",
            "description": "",
            "fixed_ip": "",
            "id": "68fb4b07-8220-4290-89ee-65b571476495",
            "pool": "internet",
            "port_id": "",
            "region": "RegionOne",
            "sdn": "sprut",
            "subnet_id": null,
            "subnet_ids": null,
            "timeouts": null,
            "value_specs": null
          },
          "sensitive_attributes": [],
          "private": "eyJlMmJmYjczMC1lY2FhLTExZTYtOGY4OC0zNDM2M2JjN2M0YzAiOnsiY3JlYXRlIjo2MDAwMDAwMDAwMDAsImRlbGV0ZSI6NjAwMDAwMDAwMDAwfX0=",
          "dependencies": [
            "data.vkcs_networking_network.extnet"
          ]
        }
      ]
    },
    {
      "mode": "managed",
      "type": "vkcs_networking_floatingip",
      "name": "sng_2",
      "provider": "provider[\"registry.terraform.io/vk-cs/vkcs\"]",
      "instances": [
        {
          "schema_version": 0,
          "attributes": {
            "address": "91.219.227.56",
            "description": "",
            "fixed_ip": "",
            "id": "3d04f162-d61c-4256-8d9e-513e1fe56751",
            "pool": "internet",
            "port_id": "",
            "region": "RegionOne",
            "sdn": "sprut",
            "subnet_id": null,
            "subnet_ids": null,
            "timeouts": null,
            "value_specs": null
          },
          "sensitive_attributes": [],
          "private": "eyJlMmJmYjczMC1lY2FhLTExZTYtOGY4OC0zNDM2M2JjN2M0YzAiOnsiY3JlYXRlIjo2MDAwMDAwMDAwMDAsImRlbGV0ZSI6NjAwMDAwMDAwMDAwfX0=",
          "dependencies": [
            "data.vkcs_networking_network.extnet"
          ]
        }
      ]
    },
    {
      "mode": "managed",
      "type": "vkcs_networking_floatingip",
      "name": "sng_lb",
      "provider": "provider[\"registry.terraform.io/vk-cs/vkcs\"]",
      "instances": [
        {
          "schema_version": 0,
          "attributes": {
            "address": "91.219.227.213",
            "description": "",
            "fixed_ip": "",
            "id": "5079d860-44bc-42be-95b3-4560e584bfe1",
            "pool": "internet",
            "port_id": "",
            "region": "RegionOne",
            "sdn": "sprut",
            "subnet_id": null,
            "subnet_ids": null,
            "timeouts": null,
            "value_specs": null
          },
          "sensitive_attributes": [],
          "private": "eyJlMmJmYjczMC1lY2FhLTExZTYtOGY4OC0zNDM2M2JjN2M0YzAiOnsiY3JlYXRlIjo2MDAwMDAwMDAwMDAsImRlbGV0ZSI6NjAwMDAwMDAwMDAwfX0=",
          "dependencies": [
            "data.vkcs_networking_network.extnet"
          ]
        }
      ]
    },
    {
      "mode": "managed",
      "type": "vkcs_networking_floatingip_associate",
      "name": "lb_fip",
      "provider": "provider[\"registry.terraform.io/vk-cs/vkcs\"]",
      "instances": [
        {
          "schema_version": 0,
          "attributes": {
            "fixed_ip": "192.168.199.74",
            "floating_ip": "91.219.227.213",
            "id": "5079d860-44bc-42be-95b3-4560e584bfe1",
            "port_id": "7bb2158e-82c2-40e7-869e-cfb3da186c90",
            "region": "RegionOne",
            "sdn": "sprut"
          },
          "sensitive_attributes": [],
          "private": "bnVsbA==",
          "dependencies": [
            "data.vkcs_networking_network.extnet",
            "vkcs_lb_loadbalancer.sng",
            "vkcs_networking_floatingip.sng_lb",
            "vkcs_networking_network.sng",
            "vkcs_networking_subnet.sng"
          ]
        }
      ]
    },
    {
      "mode": "managed",
      "type": "vkcs_networking_network",
      "name": "sng",
      "provider": "provider[\"registry.terraform.io/vk-cs/vkcs\"]",
      "instances": [
        {
          "schema_version": 0,
          "attributes": {
            "admin_state_up": true,
            "all_tags": [],
            "description": "",
            "id": "1de11c52-13ab-43a2-926b-3b44a5e367b9",
            "name": "sng-net",
            "port_security_enabled": true,
            "private_dns_domain": "mcs.local.",
            "region": "RegionOne",
            "sdn": "sprut",
            "tags": null,
            "timeouts": null,
            "value_specs": null,
            "vkcs_services_access": false
          },
          "sensitive_attributes": [],
          "private": "eyJlMmJmYjczMC1lY2FhLTExZTYtOGY4OC0zNDM2M2JjN2M0YzAiOnsiY3JlYXRlIjo2MDAwMDAwMDAwMDAsImRlbGV0ZSI6NjAwMDAwMDAwMDAwfX0="
        }
      ]
    },
    {
      "mode": "managed",
      "type": "vkcs_networking_router",
      "name": "sng",
      "provider": "provider[\"registry.terraform.io/vk-cs/vkcs\"]",
      "instances": [
        {
          "schema_version": 0,
          "attributes": {
            "admin_state_up": true,
            "all_tags": [],
            "description": "",
            "external_network_id": "ec8c610e-6387-447e-83d2-d2c541e88164",
            "id": "6b3a00b6-f11d-4c49-b45c-139a1b2fa839",
            "name": "sng_router",
            "region": "RegionOne",
            "sdn": "sprut",
            "tags": null,
            "timeouts": null,
            "value_specs": null,
            "vendor_options": []
          },
          "sensitive_attributes": [],
          "private": "eyJlMmJmYjczMC1lY2FhLTExZTYtOGY4OC0zNDM2M2JjN2M0YzAiOnsiY3JlYXRlIjo2MDAwMDAwMDAwMDAsImRlbGV0ZSI6NjAwMDAwMDAwMDAwfX0=",
          "dependencies": [
            "data.vkcs_networking_network.extnet"
          ]
        }
      ]
    },
    {
      "mode": "managed",
      "type": "vkcs_networking_router_interface",
      "name": "sng",
      "provider": "provider[\"registry.terraform.io/vk-cs/vkcs\"]",
      "instances": [
        {
          "schema_version": 0,
          "attributes": {
            "id": "3f29bae1-899f-4faa-8209-46fb9493ac3b",
            "port_id": "3f29bae1-899f-4faa-8209-46fb9493ac3b",
            "region": "RegionOne",
            "router_id": "6b3a00b6-f11d-4c49-b45c-139a1b2fa839",
            "sdn": "all",
            "subnet_id": "9e68a0a7-dd88-4055-8bd2-59277c8323f7",
            "timeouts": null
          },
          "sensitive_attributes": [],
          "private": "eyJlMmJmYjczMC1lY2FhLTExZTYtOGY4OC0zNDM2M2JjN2M0YzAiOnsiY3JlYXRlIjo2MDAwMDAwMDAwMDAsImRlbGV0ZSI6NjAwMDAwMDAwMDAwfX0=",
          "dependencies": [
            "data.vkcs_networking_network.extnet",
            "vkcs_networking_network.sng",
            "vkcs_networking_router.sng",
            "vkcs_networking_subnet.sng"
          ]
        }
      ]
    },
    {
      "mode": "managed",
      "type": "vkcs_networking_subnet",
      "name": "sng",
      "provider": "provider[\"registry.terraform.io/vk-cs/vkcs\"]",
      "instances": [
        {
          "schema_version": 0,
          "attributes": {
            "all_tags": [],
            "allocation_pool": [
              {
                "end": "192.168.199.253",
                "start": "192.168.199.1"
              }
            ],
            "cidr": "192.168.199.0/24",
            "description": "",
            "dns_nameservers": null,
            "enable_dhcp": true,
            "gateway_ip": "192.168.199.254",
            "id": "9e68a0a7-dd88-4055-8bd2-59277c8323f7",
            "name": "sng-subnet",
            "network_id": "1de11c52-13ab-43a2-926b-3b44a5e367b9",
            "no_gateway": false,
            "prefix_length": null,
            "region": "RegionOne",
            "sdn": "sprut",
            "subnetpool_id": "",
            "tags": null,
            "timeouts": null,
            "value_specs": null
          },
          "sensitive_attributes": [],
          "private": "eyJlMmJmYjczMC1lY2FhLTExZTYtOGY4OC0zNDM2M2JjN2M0YzAiOnsiY3JlYXRlIjo2MDAwMDAwMDAwMDAsImRlbGV0ZSI6NjAwMDAwMDAwMDAwfX0=",
          "dependencies": [
            "vkcs_networking_network.sng"
          ]
        }
      ]
    }
  ],
  "check_results": null
}
