{
  "version": 4,
  "terraform_version": "1.9.3",
  "serial": 140,
  "lineage": "c54c5140-3de2-1921-664b-74449a45c868",
  "outputs": {
    "instance_fip": {
      "value": "91.219.226.90",
      "type": "string"
    }
  },
  "resources": [
    {
      "mode": "data",
      "type": "vkcs_compute_flavor",
      "name": "compute",
      "provider": "provider[\"registry.terraform.io/vk-cs/vkcs\"]",
      "instances": [
        {
          "schema_version": 0,
          "attributes": {
            "disk": 0,
            "extra_specs": {
              "agg_common": "true",
              "filter:cascadelake": "true",
              "hw:cpu_sockets": "1",
              "mcs:cpu_generation": "cascadelake-v1",
              "mcs:cpu_type": "standard"
            },
            "flavor_id": "56e2fec6-ce41-4832-b537-7cbe95757aac",
            "id": "56e2fec6-ce41-4832-b537-7cbe95757aac",
            "is_public": true,
            "min_disk": null,
            "min_ram": null,
            "name": "STD2-1-2",
            "ram": 2048,
            "region": null,
            "rx_tx_factor": 1,
            "swap": 0,
            "vcpus": 1
          },
          "sensitive_attributes": []
        }
      ]
    },
    {
      "mode": "data",
      "type": "vkcs_compute_keypair",
      "name": "sng",
      "provider": "provider[\"registry.terraform.io/vk-cs/vkcs\"]",
      "instances": [
        {
          "schema_version": 0,
          "attributes": {
            "fingerprint": "67:5c:ab:1a:0b:ff:21:f8:bf:84:5a:65:5b:3e:0a:4a",
            "id": "alexanderson",
            "name": "alexanderson",
            "public_key": "ssh-rsa AAAAB3NzaC1yc2EAAAADAQABAAABgQCpTSAD3kAZibuRcmL8HwM6wqj+9XWRjV4PkuMrks+AawkLVzrEA3+uDU75zMuhEs/oy3KgQp6Z2t8h8l6cp1o/hWrmQ9ry3xnaq/TNdh6+HXWFNA2vnFV69xWj1Ggl8H/iLkyAxD5PeIa6ERKTvE2N5xf9ja8Aq5Hjgdge7s5ELfWbUaTfjGRQ7FzfRoPzrJRDJ+ii8sNzWcwCpUdGHE0SdMhfkV6Aet06BflkVV2OjxojUv0XLHvZ/24kBBiNWljcXQ+Nc3XXIF3i758gW5i23UxkHjYajtd58hPSjanmc2c/swi1iIlA2dRkF1ATSdBoaYGNhLy+W0xVX/wFyBW7kdStBlNxN/Oo44vFlSGdpZbxhBt4Z5PbwoJ8le7KEmmgsntv2urcyqWKXwOeeaZQRNwwExATUONykgCC1+nTWXrnV5pVK1zwTltcEp2LqGDwVuk16PyfPdV8H5xHaLlQDIdW50Ek8z8XGsSXk9apA+r6hqvjcRxMIi+9CGJOGVE= alex@web",
            "region": "RegionOne"
          },
          "sensitive_attributes": []
        }
      ]
    },
    {
      "mode": "data",
      "type": "vkcs_images_image",
      "name": "server-1",
      "provider": "provider[\"registry.terraform.io/vk-cs/vkcs\"]",
      "instances": [
        {
          "schema_version": 0,
          "attributes": {
            "checksum": "d3a056acba5a00d04a0b6568e89bbea9",
            "container_format": "bare",
            "created_at": "2024-08-20T11:43:02Z",
            "default": null,
            "disk_format": "raw",
            "file": "/v2/images/1d5e0fbc-2131-4893-a6ac-ea5601eb2299/file",
            "id": "1d5e0fbc-2131-4893-a6ac-ea5601eb2299",
            "member_status": null,
            "metadata": {},
            "min_disk_gb": 0,
            "min_ram_mb": 0,
            "most_recent": false,
            "name": "nginx-server-1",
            "owner": "ccfda0e45cf84d9e8a14931dfdf0496b",
            "properties": null,
            "protected": false,
            "region": "RegionOne",
            "schema": "/v2/schemas/image",
            "size_bytes": 10737418240,
            "size_max": null,
            "size_min": null,
            "tag": null,
            "tags": [],
            "updated_at": "2024-08-20T11:45:30Z",
            "visibility": "shared"
          },
          "sensitive_attributes": []
        }
      ]
    },
    {
      "mode": "data",
      "type": "vkcs_images_image",
      "name": "server-2",
      "provider": "provider[\"registry.terraform.io/vk-cs/vkcs\"]",
      "instances": [
        {
          "schema_version": 0,
          "attributes": {
            "checksum": "8ffd1cd2d49effe30f9072f883b15cce",
            "container_format": "bare",
            "created_at": "2024-08-20T11:33:23Z",
            "default": null,
            "disk_format": "raw",
            "file": "/v2/images/4b100d6c-9045-47ed-a77c-7d5e7b4949a1/file",
            "id": "4b100d6c-9045-47ed-a77c-7d5e7b4949a1",
            "member_status": null,
            "metadata": {},
            "min_disk_gb": 0,
            "min_ram_mb": 0,
            "most_recent": false,
            "name": "nginx-server-2",
            "owner": "ccfda0e45cf84d9e8a14931dfdf0496b",
            "properties": null,
            "protected": false,
            "region": "RegionOne",
            "schema": "/v2/schemas/image",
            "size_bytes": 10737418240,
            "size_max": null,
            "size_min": null,
            "tag": null,
            "tags": [],
            "updated_at": "2024-08-20T11:36:00Z",
            "visibility": "shared"
          },
          "sensitive_attributes": []
        }
      ]
    },
    {
      "mode": "data",
      "type": "vkcs_networking_network",
      "name": "extnet",
      "provider": "provider[\"registry.terraform.io/vk-cs/vkcs\"]",
      "instances": [
        {
          "schema_version": 0,
          "attributes": {
            "admin_state_up": "true",
            "all_tags": [
              "red"
            ],
            "description": "",
            "external": true,
            "id": "ec8c610e-6387-447e-83d2-d2c541e88164",
            "matching_subnet_cidr": null,
            "name": "internet",
            "network_id": null,
            "private_dns_domain": "",
            "region": "RegionOne",
            "sdn": "sprut",
            "shared": "true",
            "status": null,
            "subnets": [
              "1c623b92-146c-46a6-9ffd-fa69eb2239b7",
              "4bb55beb-0650-4d60-a3a0-8a38210440d7",
              "6a0246a8-a117-4725-a38c-7f93952e0994",
              "72427904-ed22-4a74-b718-a33567991d44",
              "9434a136-e928-4fd4-816a-24016025fa10",
              "ce5f81a2-09c4-41cd-9372-1f75c39e5a49"
            ],
            "tags": null,
            "tenant_id": "9d013ed7c41e4bf38dd91f899e40185a",
            "vkcs_services_access": false
          },
          "sensitive_attributes": []
        }
      ]
    },
    {
      "mode": "managed",
      "type": "vkcs_compute_floatingip_associate",
      "name": "sng_1",
      "provider": "provider[\"registry.terraform.io/vk-cs/vkcs\"]",
      "instances": [
        {
          "schema_version": 0,
          "attributes": {
            "fixed_ip": "",
            "floating_ip": "91.219.227.140",
            "id": "91.219.227.140/ea54d378-b2a8-49b3-8181-92efabc675ed/",
            "instance_id": "ea54d378-b2a8-49b3-8181-92efabc675ed",
            "region": "RegionOne",
            "timeouts": null,
            "wait_until_associated": null
          },
          "sensitive_attributes": [],
          "private": "eyJlMmJmYjczMC1lY2FhLTExZTYtOGY4OC0zNDM2M2JjN2M0YzAiOnsiY3JlYXRlIjo2MDAwMDAwMDAwMDB9fQ==",
          "dependencies": [
            "data.vkcs_compute_flavor.compute",
            "data.vkcs_compute_keypair.sng",
            "data.vkcs_images_image.server-1",
            "data.vkcs_networking_network.extnet",
            "vkcs_compute_instance.sng_1",
            "vkcs_networking_floatingip.sng_1",
            "vkcs_networking_network.sng",
            "vkcs_networking_subnet.sng"
          ]
        }
      ]
    },
    {
      "mode": "managed",
      "type": "vkcs_compute_floatingip_associate",
      "name": "sng_2",
      "provider": "provider[\"registry.terraform.io/vk-cs/vkcs\"]",
      "instances": [
        {
          "schema_version": 0,
          "attributes": {
            "fixed_ip": "",
            "floating_ip": "91.219.227.30",
            "id": "91.219.227.30/922e47f0-671c-4c37-b771-abe362f059d5/",
            "instance_id": "922e47f0-671c-4c37-b771-abe362f059d5",
            "region": "RegionOne",
            "timeouts": null,
            "wait_until_associated": null
          },
          "sensitive_attributes": [],
          "private": "eyJlMmJmYjczMC1lY2FhLTExZTYtOGY4OC0zNDM2M2JjN2M0YzAiOnsiY3JlYXRlIjo2MDAwMDAwMDAwMDB9fQ==",
          "dependencies": [
            "data.vkcs_compute_flavor.compute",
            "data.vkcs_compute_keypair.sng",
            "data.vkcs_images_image.server-2",
            "data.vkcs_networking_network.extnet",
            "vkcs_compute_instance.sng_2",
            "vkcs_networking_floatingip.sng_2",
            "vkcs_networking_network.sng",
            "vkcs_networking_subnet.sng"
          ]
        }
      ]
    },
    {
      "mode": "managed",
      "type": "vkcs_compute_instance",
      "name": "sng_1",
      "provider": "provider[\"registry.terraform.io/vk-cs/vkcs\"]",
      "instances": [
        {
          "schema_version": 0,
          "attributes": {
            "access_ip_v4": "192.168.199.129",
            "admin_pass": null,
            "all_metadata": {},
            "all_tags": [],
            "availability_zone": "MS1",
            "block_device": [
              {
                "boot_index": 0,
                "delete_on_termination": true,
                "destination_type": "volume",
                "device_type": "",
                "disk_bus": "",
                "guest_format": "",
                "source_type": "image",
                "uuid": "1d5e0fbc-2131-4893-a6ac-ea5601eb2299",
                "volume_size": 10,
                "volume_type": "high-iops"
              }
            ],
            "config_drive": null,
            "flavor_id": "56e2fec6-ce41-4832-b537-7cbe95757aac",
            "flavor_name": "STD2-1-2",
            "force_delete": false,
            "id": "ea54d378-b2a8-49b3-8181-92efabc675ed",
            "image_id": "Attempt to boot from volume - no image supplied",
            "image_name": null,
            "key_pair": "alexanderson",
            "metadata": null,
            "name": "sng_1",
            "network": [
              {
                "access_network": false,
                "fixed_ip_v4": "192.168.199.129",
                "mac": "fa:16:3e:79:c5:32",
                "name": "sng-net",
                "port": "",
                "uuid": "418abd6b-fc94-4be8-93bc-5153b5d3c217"
              }
            ],
            "network_mode": null,
            "personality": [],
            "power_state": "active",
            "region": "RegionOne",
            "scheduler_hints": [],
            "security_groups": [
              "default",
              "ssh+www"
            ],
            "stop_before_destroy": false,
            "tags": null,
            "timeouts": null,
            "user_data": null,
            "vendor_options": []
          },
          "sensitive_attributes": [
            [
              {
                "type": "get_attr",
                "value": "admin_pass"
              }
            ]
          ],
          "private": "eyJlMmJmYjczMC1lY2FhLTExZTYtOGY4OC0zNDM2M2JjN2M0YzAiOnsiY3JlYXRlIjoxODAwMDAwMDAwMDAwLCJkZWxldGUiOjE4MDAwMDAwMDAwMDAsInVwZGF0ZSI6MTgwMDAwMDAwMDAwMH19",
          "dependencies": [
            "data.vkcs_compute_flavor.compute",
            "data.vkcs_compute_keypair.sng",
            "data.vkcs_images_image.server-1",
            "vkcs_networking_network.sng",
            "vkcs_networking_subnet.sng"
          ]
        }
      ]
    },
    {
      "mode": "managed",
      "type": "vkcs_compute_instance",
      "name": "sng_2",
      "provider": "provider[\"registry.terraform.io/vk-cs/vkcs\"]",
      "instances": [
        {
          "schema_version": 0,
          "attributes": {
            "access_ip_v4": "192.168.199.145",
            "admin_pass": null,
            "all_metadata": {},
            "all_tags": [],
            "availability_zone": "MS1",
            "block_device": [
              {
                "boot_index": 0,
                "delete_on_termination": true,
                "destination_type": "volume",
                "device_type": "",
                "disk_bus": "",
                "guest_format": "",
                "source_type": "image",
                "uuid": "4b100d6c-9045-47ed-a77c-7d5e7b4949a1",
                "volume_size": 10,
                "volume_type": "high-iops"
              }
            ],
            "config_drive": null,
            "flavor_id": "56e2fec6-ce41-4832-b537-7cbe95757aac",
            "flavor_name": "STD2-1-2",
            "force_delete": false,
            "id": "922e47f0-671c-4c37-b771-abe362f059d5",
            "image_id": "Attempt to boot from volume - no image supplied",
            "image_name": null,
            "key_pair": "alexanderson",
            "metadata": null,
            "name": "sng_2",
            "network": [
              {
                "access_network": false,
                "fixed_ip_v4": "192.168.199.145",
                "mac": "fa:16:3e:64:ab:23",
                "name": "sng-net",
                "port": "",
                "uuid": "418abd6b-fc94-4be8-93bc-5153b5d3c217"
              }
            ],
            "network_mode": null,
            "personality": [],
            "power_state": "active",
            "region": "RegionOne",
            "scheduler_hints": [],
            "security_groups": [
              "default",
              "ssh+www"
            ],
            "stop_before_destroy": false,
            "tags": null,
            "timeouts": null,
            "user_data": null,
            "vendor_options": []
          },
          "sensitive_attributes": [
            [
              {
                "type": "get_attr",
                "value": "admin_pass"
              }
            ]
          ],
          "private": "eyJlMmJmYjczMC1lY2FhLTExZTYtOGY4OC0zNDM2M2JjN2M0YzAiOnsiY3JlYXRlIjoxODAwMDAwMDAwMDAwLCJkZWxldGUiOjE4MDAwMDAwMDAwMDAsInVwZGF0ZSI6MTgwMDAwMDAwMDAwMH19",
          "dependencies": [
            "data.vkcs_compute_flavor.compute",
            "data.vkcs_compute_keypair.sng",
            "data.vkcs_images_image.server-2",
            "vkcs_networking_network.sng",
            "vkcs_networking_subnet.sng"
          ]
        }
      ]
    },
    {
      "mode": "managed",
      "type": "vkcs_lb_listener",
      "name": "sng_lb",
      "provider": "provider[\"registry.terraform.io/vk-cs/vkcs\"]",
      "instances": [
        {
          "schema_version": 0,
          "attributes": {
            "admin_state_up": true,
            "allowed_cidrs": null,
            "connection_limit": -1,
            "default_pool_id": "",
            "default_tls_container_ref": "",
            "description": "",
            "id": "6b34d74c-375c-48e6-abb8-2e65497ed191",
            "insert_headers": null,
            "loadbalancer_id": "f7ddcb85-c722-48cb-a9e7-eabf5e26f40a",
            "name": "listener",
            "protocol": "HTTP",
            "protocol_port": 80,
            "region": "RegionOne",
            "sni_container_refs": null,
            "timeout_client_data": 50000,
            "timeout_member_connect": 5000,
            "timeout_member_data": 50000,
            "timeout_tcp_inspect": 0,
            "timeouts": null
          },
          "sensitive_attributes": [],
          "private": "eyJlMmJmYjczMC1lY2FhLTExZTYtOGY4OC0zNDM2M2JjN2M0YzAiOnsiY3JlYXRlIjo2MDAwMDAwMDAwMDAsImRlbGV0ZSI6NjAwMDAwMDAwMDAwLCJ1cGRhdGUiOjYwMDAwMDAwMDAwMH19",
          "dependencies": [
            "vkcs_lb_loadbalancer.sng",
            "vkcs_networking_network.sng",
            "vkcs_networking_subnet.sng"
          ]
        }
      ]
    },
    {
      "mode": "managed",
      "type": "vkcs_lb_loadbalancer",
      "name": "sng",
      "provider": "provider[\"registry.terraform.io/vk-cs/vkcs\"]",
      "instances": [
        {
          "schema_version": 0,
          "attributes": {
            "admin_state_up": true,
            "availability_zone": "",
            "description": "",
            "id": "f7ddcb85-c722-48cb-a9e7-eabf5e26f40a",
            "name": "sng_loadbalancer",
            "region": "RegionOne",
            "security_group_ids": [
              "ac01d5d8-01dc-4269-b450-12ba49eb538a"
            ],
            "tags": [
              "sng"
            ],
            "timeouts": null,
            "vip_address": "192.168.199.74",
            "vip_network_id": "418abd6b-fc94-4be8-93bc-5153b5d3c217",
            "vip_port_id": "8cb4cc06-ae17-4ccd-ac50-7807426e5b24",
            "vip_subnet_id": "9d6abf68-a3f9-4696-93ae-adc1271c2157"
          },
          "sensitive_attributes": [],
          "private": "eyJlMmJmYjczMC1lY2FhLTExZTYtOGY4OC0zNDM2M2JjN2M0YzAiOnsiY3JlYXRlIjo2MDAwMDAwMDAwMDAsImRlbGV0ZSI6MzAwMDAwMDAwMDAwLCJ1cGRhdGUiOjYwMDAwMDAwMDAwMH19",
          "dependencies": [
            "vkcs_networking_network.sng",
            "vkcs_networking_subnet.sng"
          ]
        }
      ]
    },
    {
      "mode": "managed",
      "type": "vkcs_lb_member",
      "name": "sng_1",
      "provider": "provider[\"registry.terraform.io/vk-cs/vkcs\"]",
      "instances": [
        {
          "schema_version": 0,
          "attributes": {
            "address": "192.168.199.129",
            "admin_state_up": true,
            "id": "d3984fe9-120e-4226-804d-e2be59224518",
            "name": "",
            "pool_id": "587d2fa4-5df2-4524-9548-cf14d939093b",
            "protocol_port": 80,
            "region": "RegionOne",
            "subnet_id": "9d6abf68-a3f9-4696-93ae-adc1271c2157",
            "timeouts": null,
            "weight": 5
          },
          "sensitive_attributes": [],
          "private": "eyJlMmJmYjczMC1lY2FhLTExZTYtOGY4OC0zNDM2M2JjN2M0YzAiOnsiY3JlYXRlIjo2MDAwMDAwMDAwMDAsImRlbGV0ZSI6NjAwMDAwMDAwMDAwLCJ1cGRhdGUiOjYwMDAwMDAwMDAwMH19",
          "dependencies": [
            "data.vkcs_compute_flavor.compute",
            "data.vkcs_compute_keypair.sng",
            "data.vkcs_images_image.server-1",
            "vkcs_compute_instance.sng_1",
            "vkcs_lb_listener.sng_lb",
            "vkcs_lb_loadbalancer.sng",
            "vkcs_lb_pool.sng",
            "vkcs_networking_network.sng",
            "vkcs_networking_subnet.sng"
          ]
        }
      ]
    },
    {
      "mode": "managed",
      "type": "vkcs_lb_member",
      "name": "sng_2",
      "provider": "provider[\"registry.terraform.io/vk-cs/vkcs\"]",
      "instances": [
        {
          "schema_version": 0,
          "attributes": {
            "address": "192.168.199.145",
            "admin_state_up": true,
            "id": "cd4b32bd-49db-4c63-90ef-38ad01072223",
            "name": "",
            "pool_id": "587d2fa4-5df2-4524-9548-cf14d939093b",
            "protocol_port": 80,
            "region": "RegionOne",
            "subnet_id": "9d6abf68-a3f9-4696-93ae-adc1271c2157",
            "timeouts": null,
            "weight": 5
          },
          "sensitive_attributes": [],
          "private": "eyJlMmJmYjczMC1lY2FhLTExZTYtOGY4OC0zNDM2M2JjN2M0YzAiOnsiY3JlYXRlIjo2MDAwMDAwMDAwMDAsImRlbGV0ZSI6NjAwMDAwMDAwMDAwLCJ1cGRhdGUiOjYwMDAwMDAwMDAwMH19",
          "dependencies": [
            "data.vkcs_compute_flavor.compute",
            "data.vkcs_compute_keypair.sng",
            "data.vkcs_images_image.server-2",
            "vkcs_compute_instance.sng_2",
            "vkcs_lb_listener.sng_lb",
            "vkcs_lb_loadbalancer.sng",
            "vkcs_lb_pool.sng",
            "vkcs_networking_network.sng",
            "vkcs_networking_subnet.sng"
          ]
        }
      ]
    },
    {
      "mode": "managed",
      "type": "vkcs_lb_pool",
      "name": "sng",
      "provider": "provider[\"registry.terraform.io/vk-cs/vkcs\"]",
      "instances": [
        {
          "schema_version": 0,
          "attributes": {
            "admin_state_up": true,
            "description": "",
            "id": "587d2fa4-5df2-4524-9548-cf14d939093b",
            "lb_method": "ROUND_ROBIN",
            "listener_id": "6b34d74c-375c-48e6-abb8-2e65497ed191",
            "loadbalancer_id": null,
            "name": "pool",
            "persistence": [
              {
                "cookie_name": "",
                "type": ""
              }
            ],
            "protocol": "HTTP",
            "region": "RegionOne",
            "timeouts": null
          },
          "sensitive_attributes": [],
          "private": "eyJlMmJmYjczMC1lY2FhLTExZTYtOGY4OC0zNDM2M2JjN2M0YzAiOnsiY3JlYXRlIjo2MDAwMDAwMDAwMDAsImRlbGV0ZSI6NjAwMDAwMDAwMDAwLCJ1cGRhdGUiOjYwMDAwMDAwMDAwMH19",
          "dependencies": [
            "vkcs_lb_listener.sng_lb",
            "vkcs_lb_loadbalancer.sng",
            "vkcs_networking_network.sng",
            "vkcs_networking_subnet.sng"
          ]
        }
      ]
    },
    {
      "mode": "managed",
      "type": "vkcs_networking_floatingip",
      "name": "sng_1",
      "provider": "provider[\"registry.terraform.io/vk-cs/vkcs\"]",
      "instances": [
        {
          "schema_version": 0,
          "attributes": {
            "address": "91.219.227.140",
            "description": "",
            "fixed_ip": "",
            "id": "5ac45b15-24c8-4f69-ade9-42366d8f40d5",
            "pool": "internet",
            "port_id": "",
            "region": "RegionOne",
            "sdn": "sprut",
            "subnet_id": null,
            "subnet_ids": null,
            "timeouts": null,
            "value_specs": null
          },
          "sensitive_attributes": [],
          "private": "eyJlMmJmYjczMC1lY2FhLTExZTYtOGY4OC0zNDM2M2JjN2M0YzAiOnsiY3JlYXRlIjo2MDAwMDAwMDAwMDAsImRlbGV0ZSI6NjAwMDAwMDAwMDAwfX0=",
          "dependencies": [
            "data.vkcs_networking_network.extnet"
          ]
        }
      ]
    },
    {
      "mode": "managed",
      "type": "vkcs_networking_floatingip",
      "name": "sng_2",
      "provider": "provider[\"registry.terraform.io/vk-cs/vkcs\"]",
      "instances": [
        {
          "schema_version": 0,
          "attributes": {
            "address": "91.219.227.30",
            "description": "",
            "fixed_ip": "",
            "id": "4813c3b5-55ff-488e-a868-0861c6bd6553",
            "pool": "internet",
            "port_id": "",
            "region": "RegionOne",
            "sdn": "sprut",
            "subnet_id": null,
            "subnet_ids": null,
            "timeouts": null,
            "value_specs": null
          },
          "sensitive_attributes": [],
          "private": "eyJlMmJmYjczMC1lY2FhLTExZTYtOGY4OC0zNDM2M2JjN2M0YzAiOnsiY3JlYXRlIjo2MDAwMDAwMDAwMDAsImRlbGV0ZSI6NjAwMDAwMDAwMDAwfX0=",
          "dependencies": [
            "data.vkcs_networking_network.extnet"
          ]
        }
      ]
    },
    {
      "mode": "managed",
      "type": "vkcs_networking_floatingip",
      "name": "sng_lb",
      "provider": "provider[\"registry.terraform.io/vk-cs/vkcs\"]",
      "instances": [
        {
          "schema_version": 0,
          "attributes": {
            "address": "91.219.226.90",
            "description": "",
            "fixed_ip": "",
            "id": "78a43535-8c8e-473b-a2d2-cef7590ecd24",
            "pool": "internet",
            "port_id": "",
            "region": "RegionOne",
            "sdn": "sprut",
            "subnet_id": null,
            "subnet_ids": null,
            "timeouts": null,
            "value_specs": null
          },
          "sensitive_attributes": [],
          "private": "eyJlMmJmYjczMC1lY2FhLTExZTYtOGY4OC0zNDM2M2JjN2M0YzAiOnsiY3JlYXRlIjo2MDAwMDAwMDAwMDAsImRlbGV0ZSI6NjAwMDAwMDAwMDAwfX0=",
          "dependencies": [
            "data.vkcs_networking_network.extnet"
          ]
        }
      ]
    },
    {
      "mode": "managed",
      "type": "vkcs_networking_floatingip_associate",
      "name": "lb_fip",
      "provider": "provider[\"registry.terraform.io/vk-cs/vkcs\"]",
      "instances": [
        {
          "schema_version": 0,
          "attributes": {
            "fixed_ip": "192.168.199.74",
            "floating_ip": "91.219.226.90",
            "id": "78a43535-8c8e-473b-a2d2-cef7590ecd24",
            "port_id": "8cb4cc06-ae17-4ccd-ac50-7807426e5b24",
            "region": "RegionOne",
            "sdn": "sprut"
          },
          "sensitive_attributes": [],
          "private": "bnVsbA==",
          "dependencies": [
            "data.vkcs_networking_network.extnet",
            "vkcs_lb_loadbalancer.sng",
            "vkcs_networking_floatingip.sng_lb",
            "vkcs_networking_network.sng",
            "vkcs_networking_subnet.sng"
          ]
        }
      ]
    },
    {
      "mode": "managed",
      "type": "vkcs_networking_network",
      "name": "sng",
      "provider": "provider[\"registry.terraform.io/vk-cs/vkcs\"]",
      "instances": [
        {
          "schema_version": 0,
          "attributes": {
            "admin_state_up": true,
            "all_tags": [],
            "description": "",
            "id": "418abd6b-fc94-4be8-93bc-5153b5d3c217",
            "name": "sng-net",
            "port_security_enabled": true,
            "private_dns_domain": "mcs.local.",
            "region": "RegionOne",
            "sdn": "sprut",
            "tags": null,
            "timeouts": null,
            "value_specs": null,
            "vkcs_services_access": false
          },
          "sensitive_attributes": [],
          "private": "eyJlMmJmYjczMC1lY2FhLTExZTYtOGY4OC0zNDM2M2JjN2M0YzAiOnsiY3JlYXRlIjo2MDAwMDAwMDAwMDAsImRlbGV0ZSI6NjAwMDAwMDAwMDAwfX0="
        }
      ]
    },
    {
      "mode": "managed",
      "type": "vkcs_networking_router",
      "name": "sng",
      "provider": "provider[\"registry.terraform.io/vk-cs/vkcs\"]",
      "instances": [
        {
          "schema_version": 0,
          "attributes": {
            "admin_state_up": true,
            "all_tags": [],
            "description": "",
            "external_network_id": "ec8c610e-6387-447e-83d2-d2c541e88164",
            "id": "134414a6-06a8-4981-8fea-3046d9db1a3a",
            "name": "sng_router",
            "region": "RegionOne",
            "sdn": "sprut",
            "tags": null,
            "timeouts": null,
            "value_specs": null,
            "vendor_options": []
          },
          "sensitive_attributes": [],
          "private": "eyJlMmJmYjczMC1lY2FhLTExZTYtOGY4OC0zNDM2M2JjN2M0YzAiOnsiY3JlYXRlIjo2MDAwMDAwMDAwMDAsImRlbGV0ZSI6NjAwMDAwMDAwMDAwfX0=",
          "dependencies": [
            "data.vkcs_networking_network.extnet"
          ]
        }
      ]
    },
    {
      "mode": "managed",
      "type": "vkcs_networking_router_interface",
      "name": "sng",
      "provider": "provider[\"registry.terraform.io/vk-cs/vkcs\"]",
      "instances": [
        {
          "schema_version": 0,
          "attributes": {
            "id": "631c8eff-6b40-4b91-a4f1-d3aaf1b1cd4f",
            "port_id": "631c8eff-6b40-4b91-a4f1-d3aaf1b1cd4f",
            "region": "RegionOne",
            "router_id": "134414a6-06a8-4981-8fea-3046d9db1a3a",
            "sdn": "all",
            "subnet_id": "9d6abf68-a3f9-4696-93ae-adc1271c2157",
            "timeouts": null
          },
          "sensitive_attributes": [],
          "private": "eyJlMmJmYjczMC1lY2FhLTExZTYtOGY4OC0zNDM2M2JjN2M0YzAiOnsiY3JlYXRlIjo2MDAwMDAwMDAwMDAsImRlbGV0ZSI6NjAwMDAwMDAwMDAwfX0=",
          "dependencies": [
            "data.vkcs_networking_network.extnet",
            "vkcs_networking_network.sng",
            "vkcs_networking_router.sng",
            "vkcs_networking_subnet.sng"
          ]
        }
      ]
    },
    {
      "mode": "managed",
      "type": "vkcs_networking_subnet",
      "name": "sng",
      "provider": "provider[\"registry.terraform.io/vk-cs/vkcs\"]",
      "instances": [
        {
          "schema_version": 0,
          "attributes": {
            "all_tags": [],
            "allocation_pool": [
              {
                "end": "192.168.199.253",
                "start": "192.168.199.1"
              }
            ],
            "cidr": "192.168.199.0/24",
            "description": "",
            "dns_nameservers": null,
            "enable_dhcp": true,
            "gateway_ip": "192.168.199.254",
            "id": "9d6abf68-a3f9-4696-93ae-adc1271c2157",
            "name": "sng-subnet",
            "network_id": "418abd6b-fc94-4be8-93bc-5153b5d3c217",
            "no_gateway": false,
            "prefix_length": null,
            "region": "RegionOne",
            "sdn": "sprut",
            "subnetpool_id": "",
            "tags": null,
            "timeouts": null,
            "value_specs": null
          },
          "sensitive_attributes": [],
          "private": "eyJlMmJmYjczMC1lY2FhLTExZTYtOGY4OC0zNDM2M2JjN2M0YzAiOnsiY3JlYXRlIjo2MDAwMDAwMDAwMDAsImRlbGV0ZSI6NjAwMDAwMDAwMDAwfX0=",
          "dependencies": [
            "vkcs_networking_network.sng"
          ]
        }
      ]
    }
  ],
  "check_results": null
}
