{
  "version": 4,
  "terraform_version": "1.9.3",
  "serial": 99,
  "lineage": "c54c5140-3de2-1921-664b-74449a45c868",
  "outputs": {
    "instance_fip": {
      "value": "83.166.234.87",
      "type": "string"
    }
  },
  "resources": [
    {
      "mode": "data",
      "type": "vkcs_compute_flavor",
      "name": "compute",
      "provider": "provider[\"registry.terraform.io/vk-cs/vkcs\"]",
      "instances": [
        {
          "schema_version": 0,
          "attributes": {
            "disk": 0,
            "extra_specs": {
              "agg_common": "true",
              "filter:cascadelake": "true",
              "hw:cpu_sockets": "1",
              "mcs:cpu_generation": "cascadelake-v1",
              "mcs:cpu_type": "standard"
            },
            "flavor_id": "56e2fec6-ce41-4832-b537-7cbe95757aac",
            "id": "56e2fec6-ce41-4832-b537-7cbe95757aac",
            "is_public": true,
            "min_disk": null,
            "min_ram": null,
            "name": "STD2-1-2",
            "ram": 2048,
            "region": null,
            "rx_tx_factor": 1,
            "swap": 0,
            "vcpus": 1
          },
          "sensitive_attributes": []
        }
      ]
    },
    {
      "mode": "data",
      "type": "vkcs_compute_keypair",
      "name": "sng",
      "provider": "provider[\"registry.terraform.io/vk-cs/vkcs\"]",
      "instances": [
        {
          "schema_version": 0,
          "attributes": {
            "fingerprint": "46:ce:f5:7a:8d:7a:fc:d9:6f:03:9f:94:99:87:38:63",
            "id": "alexanderson",
            "name": "alexanderson",
            "public_key": "ssh-rsa AAAAB3NzaC1yc2EAAAADAQABAAABAQCygSQWkxPYeBI9Fbl+M9vY2Vrxsshol8ud3dqHzT0OVi+faDVo/W1VE72RM1+3ipHp5VUj67M1HYYSDHSE5wupocNumHi/5Xf+NAX2XS3F/MeK5V7/2wMhzhDNw6mOKRbASgUb+JguUAS3/vC3AExEnGAWB4EtmA/Llcxb8wzqKuuMLlNFV5AvWubYT/HKPAUP+joF45yVdzXJTexQz+4h6mavzTm6rN5zG2E0hUAZPwIe2yVcRVoHHYvBXZRQ9pcXoToOYTjgvKCzjiP0Miz2cnrPPUU6+KBP3j4DmfzvL7TvrNE5anRiZnjvPaUZv2zceoSwBB2wjlWCqNoFmsGr Generated-by-Nova",
            "region": "RegionOne"
          },
          "sensitive_attributes": []
        }
      ]
    },
    {
      "mode": "data",
      "type": "vkcs_images_image",
      "name": "server-1",
      "provider": "provider[\"registry.terraform.io/vk-cs/vkcs\"]",
      "instances": [
        {
          "schema_version": 0,
          "attributes": {
            "checksum": "62319b3dd6d3375494e1c6fd5e58082d",
            "container_format": "bare",
            "created_at": "2024-08-20T08:49:38Z",
            "default": null,
            "disk_format": "raw",
            "file": "/v2/images/e9bde446-4b31-480f-80b2-e52510f42858/file",
            "id": "e9bde446-4b31-480f-80b2-e52510f42858",
            "member_status": null,
            "metadata": {},
            "min_disk_gb": 0,
            "min_ram_mb": 0,
            "most_recent": false,
            "name": "nginx-server-1",
            "owner": "ccfda0e45cf84d9e8a14931dfdf0496b",
            "properties": null,
            "protected": false,
            "region": "RegionOne",
            "schema": "/v2/schemas/image",
            "size_bytes": 10737418240,
            "size_max": null,
            "size_min": null,
            "tag": null,
            "tags": [],
            "updated_at": "2024-08-20T08:52:15Z",
            "visibility": "shared"
          },
          "sensitive_attributes": []
        }
      ]
    },
    {
      "mode": "data",
      "type": "vkcs_images_image",
      "name": "server-2",
      "provider": "provider[\"registry.terraform.io/vk-cs/vkcs\"]",
      "instances": [
        {
          "schema_version": 0,
          "attributes": {
            "checksum": "62319b3dd6d3375494e1c6fd5e58082d",
            "container_format": "bare",
            "created_at": "2024-08-20T08:49:38Z",
            "default": null,
            "disk_format": "raw",
            "file": "/v2/images/e9bde446-4b31-480f-80b2-e52510f42858/file",
            "id": "e9bde446-4b31-480f-80b2-e52510f42858",
            "member_status": null,
            "metadata": {},
            "min_disk_gb": 0,
            "min_ram_mb": 0,
            "most_recent": false,
            "name": "nginx-server-1",
            "owner": "ccfda0e45cf84d9e8a14931dfdf0496b",
            "properties": null,
            "protected": false,
            "region": "RegionOne",
            "schema": "/v2/schemas/image",
            "size_bytes": 10737418240,
            "size_max": null,
            "size_min": null,
            "tag": null,
            "tags": [],
            "updated_at": "2024-08-20T08:52:15Z",
            "visibility": "shared"
          },
          "sensitive_attributes": []
        }
      ]
    },
    {
      "mode": "data",
      "type": "vkcs_networking_network",
      "name": "extnet",
      "provider": "provider[\"registry.terraform.io/vk-cs/vkcs\"]",
      "instances": [
        {
          "schema_version": 0,
          "attributes": {
            "admin_state_up": "true",
            "all_tags": [
              "red"
            ],
            "description": "",
            "external": true,
            "id": "ec8c610e-6387-447e-83d2-d2c541e88164",
            "matching_subnet_cidr": null,
            "name": "internet",
            "network_id": null,
            "private_dns_domain": "",
            "region": "RegionOne",
            "sdn": "sprut",
            "shared": "true",
            "status": null,
            "subnets": [
              "1c623b92-146c-46a6-9ffd-fa69eb2239b7",
              "4bb55beb-0650-4d60-a3a0-8a38210440d7",
              "6a0246a8-a117-4725-a38c-7f93952e0994",
              "72427904-ed22-4a74-b718-a33567991d44",
              "9434a136-e928-4fd4-816a-24016025fa10",
              "ce5f81a2-09c4-41cd-9372-1f75c39e5a49"
            ],
            "tags": null,
            "tenant_id": "9d013ed7c41e4bf38dd91f899e40185a",
            "vkcs_services_access": false
          },
          "sensitive_attributes": []
        }
      ]
    },
    {
      "mode": "managed",
      "type": "vkcs_compute_floatingip_associate",
      "name": "sng_1",
      "provider": "provider[\"registry.terraform.io/vk-cs/vkcs\"]",
      "instances": [
        {
          "schema_version": 0,
          "attributes": {
            "fixed_ip": "",
            "floating_ip": "83.166.234.121",
            "id": "83.166.234.121/4d5ae9c2-4092-4a0e-af34-f16be797abf4/",
            "instance_id": "4d5ae9c2-4092-4a0e-af34-f16be797abf4",
            "region": "RegionOne",
            "timeouts": null,
            "wait_until_associated": null
          },
          "sensitive_attributes": [],
          "private": "eyJlMmJmYjczMC1lY2FhLTExZTYtOGY4OC0zNDM2M2JjN2M0YzAiOnsiY3JlYXRlIjo2MDAwMDAwMDAwMDB9fQ==",
          "dependencies": [
            "data.vkcs_compute_flavor.compute",
            "data.vkcs_compute_keypair.sng",
            "data.vkcs_images_image.server-1",
            "data.vkcs_networking_network.extnet",
            "vkcs_compute_instance.sng_1",
            "vkcs_networking_floatingip.sng_1",
            "vkcs_networking_network.sng",
            "vkcs_networking_subnet.sng"
          ]
        }
      ]
    },
    {
      "mode": "managed",
      "type": "vkcs_compute_floatingip_associate",
      "name": "sng_2",
      "provider": "provider[\"registry.terraform.io/vk-cs/vkcs\"]",
      "instances": [
        {
          "schema_version": 0,
          "attributes": {
            "fixed_ip": "",
            "floating_ip": "83.166.233.195",
            "id": "83.166.233.195/c57979bb-8aa7-4837-9813-29a5418931c9/",
            "instance_id": "c57979bb-8aa7-4837-9813-29a5418931c9",
            "region": "RegionOne",
            "timeouts": null,
            "wait_until_associated": null
          },
          "sensitive_attributes": [],
          "private": "eyJlMmJmYjczMC1lY2FhLTExZTYtOGY4OC0zNDM2M2JjN2M0YzAiOnsiY3JlYXRlIjo2MDAwMDAwMDAwMDB9fQ==",
          "dependencies": [
            "data.vkcs_compute_flavor.compute",
            "data.vkcs_compute_keypair.sng",
            "data.vkcs_images_image.server-2",
            "data.vkcs_networking_network.extnet",
            "vkcs_compute_instance.sng_2",
            "vkcs_networking_floatingip.sng_2",
            "vkcs_networking_network.sng",
            "vkcs_networking_subnet.sng"
          ]
        }
      ]
    },
    {
      "mode": "managed",
      "type": "vkcs_compute_instance",
      "name": "sng_1",
      "provider": "provider[\"registry.terraform.io/vk-cs/vkcs\"]",
      "instances": [
        {
          "schema_version": 0,
          "attributes": {
            "access_ip_v4": "192.168.199.129",
            "admin_pass": null,
            "all_metadata": {},
            "all_tags": [],
            "availability_zone": "MS1",
            "block_device": [
              {
                "boot_index": 0,
                "delete_on_termination": true,
                "destination_type": "volume",
                "device_type": "",
                "disk_bus": "",
                "guest_format": "",
                "source_type": "image",
                "uuid": "e9bde446-4b31-480f-80b2-e52510f42858",
                "volume_size": 10,
                "volume_type": "high-iops"
              }
            ],
            "config_drive": null,
            "flavor_id": "56e2fec6-ce41-4832-b537-7cbe95757aac",
            "flavor_name": "STD2-1-2",
            "force_delete": false,
            "id": "4d5ae9c2-4092-4a0e-af34-f16be797abf4",
            "image_id": "Attempt to boot from volume - no image supplied",
            "image_name": null,
            "key_pair": "alexanderson",
            "metadata": null,
            "name": "sng_1",
            "network": [
              {
                "access_network": false,
                "fixed_ip_v4": "192.168.199.129",
                "mac": "fa:16:3e:f7:be:e6",
                "name": "sng-net",
                "port": "",
                "uuid": "9f71ea2f-499d-4246-8dae-c1511cea7757"
              }
            ],
            "network_mode": null,
            "personality": [],
            "power_state": "active",
            "region": "RegionOne",
            "scheduler_hints": [],
            "security_groups": [
              "default",
              "ssh+www"
            ],
            "stop_before_destroy": false,
            "tags": null,
            "timeouts": null,
            "user_data": null,
            "vendor_options": []
          },
          "sensitive_attributes": [
            [
              {
                "type": "get_attr",
                "value": "admin_pass"
              }
            ]
          ],
          "private": "eyJlMmJmYjczMC1lY2FhLTExZTYtOGY4OC0zNDM2M2JjN2M0YzAiOnsiY3JlYXRlIjoxODAwMDAwMDAwMDAwLCJkZWxldGUiOjE4MDAwMDAwMDAwMDAsInVwZGF0ZSI6MTgwMDAwMDAwMDAwMH19",
          "dependencies": [
            "data.vkcs_compute_flavor.compute",
            "data.vkcs_compute_keypair.sng",
            "data.vkcs_images_image.server-1",
            "vkcs_networking_network.sng",
            "vkcs_networking_subnet.sng"
          ]
        }
      ]
    },
    {
      "mode": "managed",
      "type": "vkcs_compute_instance",
      "name": "sng_2",
      "provider": "provider[\"registry.terraform.io/vk-cs/vkcs\"]",
      "instances": [
        {
          "schema_version": 0,
          "attributes": {
            "access_ip_v4": "192.168.199.145",
            "admin_pass": null,
            "all_metadata": {},
            "all_tags": [],
            "availability_zone": "MS1",
            "block_device": [
              {
                "boot_index": 0,
                "delete_on_termination": true,
                "destination_type": "volume",
                "device_type": "",
                "disk_bus": "",
                "guest_format": "",
                "source_type": "image",
                "uuid": "e9bde446-4b31-480f-80b2-e52510f42858",
                "volume_size": 10,
                "volume_type": "high-iops"
              }
            ],
            "config_drive": null,
            "flavor_id": "56e2fec6-ce41-4832-b537-7cbe95757aac",
            "flavor_name": "STD2-1-2",
            "force_delete": false,
            "id": "c57979bb-8aa7-4837-9813-29a5418931c9",
            "image_id": "Attempt to boot from volume - no image supplied",
            "image_name": null,
            "key_pair": "alexanderson",
            "metadata": null,
            "name": "sng_2",
            "network": [
              {
                "access_network": false,
                "fixed_ip_v4": "192.168.199.145",
                "mac": "fa:16:3e:98:8b:4e",
                "name": "sng-net",
                "port": "",
                "uuid": "9f71ea2f-499d-4246-8dae-c1511cea7757"
              }
            ],
            "network_mode": null,
            "personality": [],
            "power_state": "active",
            "region": "RegionOne",
            "scheduler_hints": [],
            "security_groups": [
              "default"
            ],
            "stop_before_destroy": false,
            "tags": null,
            "timeouts": null,
            "user_data": null,
            "vendor_options": []
          },
          "sensitive_attributes": [
            [
              {
                "type": "get_attr",
                "value": "admin_pass"
              }
            ]
          ],
          "private": "eyJlMmJmYjczMC1lY2FhLTExZTYtOGY4OC0zNDM2M2JjN2M0YzAiOnsiY3JlYXRlIjoxODAwMDAwMDAwMDAwLCJkZWxldGUiOjE4MDAwMDAwMDAwMDAsInVwZGF0ZSI6MTgwMDAwMDAwMDAwMH19",
          "dependencies": [
            "data.vkcs_compute_flavor.compute",
            "data.vkcs_compute_keypair.sng",
            "data.vkcs_images_image.server-2",
            "vkcs_networking_network.sng",
            "vkcs_networking_subnet.sng"
          ]
        }
      ]
    },
    {
      "mode": "managed",
      "type": "vkcs_lb_listener",
      "name": "sng_lb",
      "provider": "provider[\"registry.terraform.io/vk-cs/vkcs\"]",
      "instances": [
        {
          "schema_version": 0,
          "attributes": {
            "admin_state_up": true,
            "allowed_cidrs": null,
            "connection_limit": -1,
            "default_pool_id": "",
            "default_tls_container_ref": "",
            "description": "",
            "id": "39336383-72e2-4610-9ed3-efa894f2c175",
            "insert_headers": null,
            "loadbalancer_id": "d26eda94-fa01-4629-8d80-1082f31f54fa",
            "name": "listener",
            "protocol": "HTTP",
            "protocol_port": 80,
            "region": "RegionOne",
            "sni_container_refs": null,
            "timeout_client_data": 50000,
            "timeout_member_connect": 5000,
            "timeout_member_data": 50000,
            "timeout_tcp_inspect": 0,
            "timeouts": null
          },
          "sensitive_attributes": [],
          "private": "eyJlMmJmYjczMC1lY2FhLTExZTYtOGY4OC0zNDM2M2JjN2M0YzAiOnsiY3JlYXRlIjo2MDAwMDAwMDAwMDAsImRlbGV0ZSI6NjAwMDAwMDAwMDAwLCJ1cGRhdGUiOjYwMDAwMDAwMDAwMH19",
          "dependencies": [
            "vkcs_lb_loadbalancer.sng",
            "vkcs_networking_network.sng",
            "vkcs_networking_subnet.sng"
          ]
        }
      ]
    },
    {
      "mode": "managed",
      "type": "vkcs_lb_loadbalancer",
      "name": "sng",
      "provider": "provider[\"registry.terraform.io/vk-cs/vkcs\"]",
      "instances": [
        {
          "schema_version": 0,
          "attributes": {
            "admin_state_up": true,
            "availability_zone": "",
            "description": "",
            "id": "d26eda94-fa01-4629-8d80-1082f31f54fa",
            "name": "sng_loadbalancer",
            "region": "RegionOne",
            "security_group_ids": [
              "3b401fa3-25b1-4aae-bc5e-829d916ce032"
            ],
            "tags": [
              "sng"
            ],
            "timeouts": null,
            "vip_address": "192.168.199.74",
            "vip_network_id": "9f71ea2f-499d-4246-8dae-c1511cea7757",
            "vip_port_id": "f43e148b-e9a6-4d7f-96de-885bcf5dbb55",
            "vip_subnet_id": "eaaafbbd-3fee-4bc0-b399-de71745f265f"
          },
          "sensitive_attributes": [],
          "private": "eyJlMmJmYjczMC1lY2FhLTExZTYtOGY4OC0zNDM2M2JjN2M0YzAiOnsiY3JlYXRlIjo2MDAwMDAwMDAwMDAsImRlbGV0ZSI6MzAwMDAwMDAwMDAwLCJ1cGRhdGUiOjYwMDAwMDAwMDAwMH19",
          "dependencies": [
            "vkcs_networking_network.sng",
            "vkcs_networking_subnet.sng"
          ]
        }
      ]
    },
    {
      "mode": "managed",
      "type": "vkcs_lb_member",
      "name": "sng_1",
      "provider": "provider[\"registry.terraform.io/vk-cs/vkcs\"]",
      "instances": [
        {
          "schema_version": 0,
          "attributes": {
            "address": "192.168.199.129",
            "admin_state_up": true,
            "id": "fe52920a-5fae-4b90-ad1a-5bc1e92954cf",
            "name": "",
            "pool_id": "bd480e6d-fc8c-473a-b069-c5154f49a753",
            "protocol_port": 80,
            "region": "RegionOne",
            "subnet_id": "eaaafbbd-3fee-4bc0-b399-de71745f265f",
            "timeouts": null,
            "weight": 5
          },
          "sensitive_attributes": [],
          "private": "eyJlMmJmYjczMC1lY2FhLTExZTYtOGY4OC0zNDM2M2JjN2M0YzAiOnsiY3JlYXRlIjo2MDAwMDAwMDAwMDAsImRlbGV0ZSI6NjAwMDAwMDAwMDAwLCJ1cGRhdGUiOjYwMDAwMDAwMDAwMH19",
          "dependencies": [
            "data.vkcs_compute_flavor.compute",
            "data.vkcs_compute_keypair.sng",
            "data.vkcs_images_image.server-1",
            "vkcs_compute_instance.sng_1",
            "vkcs_lb_listener.sng_lb",
            "vkcs_lb_loadbalancer.sng",
            "vkcs_lb_pool.sng",
            "vkcs_networking_network.sng",
            "vkcs_networking_subnet.sng"
          ]
        }
      ]
    },
    {
      "mode": "managed",
      "type": "vkcs_lb_member",
      "name": "sng_2",
      "provider": "provider[\"registry.terraform.io/vk-cs/vkcs\"]",
      "instances": [
        {
          "schema_version": 0,
          "attributes": {
            "address": "192.168.199.145",
            "admin_state_up": true,
            "id": "6f8d168b-36f1-4253-ae2c-a5a21625e439",
            "name": "",
            "pool_id": "bd480e6d-fc8c-473a-b069-c5154f49a753",
            "protocol_port": 80,
            "region": "RegionOne",
            "subnet_id": "eaaafbbd-3fee-4bc0-b399-de71745f265f",
            "timeouts": null,
            "weight": 5
          },
          "sensitive_attributes": [],
          "private": "eyJlMmJmYjczMC1lY2FhLTExZTYtOGY4OC0zNDM2M2JjN2M0YzAiOnsiY3JlYXRlIjo2MDAwMDAwMDAwMDAsImRlbGV0ZSI6NjAwMDAwMDAwMDAwLCJ1cGRhdGUiOjYwMDAwMDAwMDAwMH19",
          "dependencies": [
            "data.vkcs_compute_flavor.compute",
            "data.vkcs_compute_keypair.sng",
            "data.vkcs_images_image.server-2",
            "vkcs_compute_instance.sng_2",
            "vkcs_lb_listener.sng_lb",
            "vkcs_lb_loadbalancer.sng",
            "vkcs_lb_pool.sng",
            "vkcs_networking_network.sng",
            "vkcs_networking_subnet.sng"
          ]
        }
      ]
    },
    {
      "mode": "managed",
      "type": "vkcs_lb_pool",
      "name": "sng",
      "provider": "provider[\"registry.terraform.io/vk-cs/vkcs\"]",
      "instances": [
        {
          "schema_version": 0,
          "attributes": {
            "admin_state_up": true,
            "description": "",
            "id": "bd480e6d-fc8c-473a-b069-c5154f49a753",
            "lb_method": "ROUND_ROBIN",
            "listener_id": "39336383-72e2-4610-9ed3-efa894f2c175",
            "loadbalancer_id": null,
            "name": "pool",
            "persistence": [
              {
                "cookie_name": "",
                "type": ""
              }
            ],
            "protocol": "HTTP",
            "region": "RegionOne",
            "timeouts": null
          },
          "sensitive_attributes": [],
          "private": "eyJlMmJmYjczMC1lY2FhLTExZTYtOGY4OC0zNDM2M2JjN2M0YzAiOnsiY3JlYXRlIjo2MDAwMDAwMDAwMDAsImRlbGV0ZSI6NjAwMDAwMDAwMDAwLCJ1cGRhdGUiOjYwMDAwMDAwMDAwMH19",
          "dependencies": [
            "vkcs_lb_listener.sng_lb",
            "vkcs_lb_loadbalancer.sng",
            "vkcs_networking_network.sng",
            "vkcs_networking_subnet.sng"
          ]
        }
      ]
    },
    {
      "mode": "managed",
      "type": "vkcs_networking_floatingip",
      "name": "sng_1",
      "provider": "provider[\"registry.terraform.io/vk-cs/vkcs\"]",
      "instances": [
        {
          "schema_version": 0,
          "attributes": {
            "address": "83.166.234.121",
            "description": "",
            "fixed_ip": "",
            "id": "8150794b-0883-4d1c-bf9d-248967764373",
            "pool": "internet",
            "port_id": "",
            "region": "RegionOne",
            "sdn": "sprut",
            "subnet_id": null,
            "subnet_ids": null,
            "timeouts": null,
            "value_specs": null
          },
          "sensitive_attributes": [],
          "private": "eyJlMmJmYjczMC1lY2FhLTExZTYtOGY4OC0zNDM2M2JjN2M0YzAiOnsiY3JlYXRlIjo2MDAwMDAwMDAwMDAsImRlbGV0ZSI6NjAwMDAwMDAwMDAwfX0=",
          "dependencies": [
            "data.vkcs_networking_network.extnet"
          ]
        }
      ]
    },
    {
      "mode": "managed",
      "type": "vkcs_networking_floatingip",
      "name": "sng_2",
      "provider": "provider[\"registry.terraform.io/vk-cs/vkcs\"]",
      "instances": [
        {
          "schema_version": 0,
          "attributes": {
            "address": "83.166.233.195",
            "description": "",
            "fixed_ip": "",
            "id": "2ed9929c-577d-4166-aa3d-c9aedc5a2c0d",
            "pool": "internet",
            "port_id": "",
            "region": "RegionOne",
            "sdn": "sprut",
            "subnet_id": null,
            "subnet_ids": null,
            "timeouts": null,
            "value_specs": null
          },
          "sensitive_attributes": [],
          "private": "eyJlMmJmYjczMC1lY2FhLTExZTYtOGY4OC0zNDM2M2JjN2M0YzAiOnsiY3JlYXRlIjo2MDAwMDAwMDAwMDAsImRlbGV0ZSI6NjAwMDAwMDAwMDAwfX0=",
          "dependencies": [
            "data.vkcs_networking_network.extnet"
          ]
        }
      ]
    },
    {
      "mode": "managed",
      "type": "vkcs_networking_floatingip",
      "name": "sng_lb",
      "provider": "provider[\"registry.terraform.io/vk-cs/vkcs\"]",
      "instances": [
        {
          "schema_version": 0,
          "attributes": {
            "address": "83.166.234.87",
            "description": "",
            "fixed_ip": "",
            "id": "091e3f5b-f638-4ac4-8cef-0e9e868cfe06",
            "pool": "internet",
            "port_id": "",
            "region": "RegionOne",
            "sdn": "sprut",
            "subnet_id": null,
            "subnet_ids": null,
            "timeouts": null,
            "value_specs": null
          },
          "sensitive_attributes": [],
          "private": "eyJlMmJmYjczMC1lY2FhLTExZTYtOGY4OC0zNDM2M2JjN2M0YzAiOnsiY3JlYXRlIjo2MDAwMDAwMDAwMDAsImRlbGV0ZSI6NjAwMDAwMDAwMDAwfX0=",
          "dependencies": [
            "data.vkcs_networking_network.extnet"
          ]
        }
      ]
    },
    {
      "mode": "managed",
      "type": "vkcs_networking_floatingip_associate",
      "name": "lb_fip",
      "provider": "provider[\"registry.terraform.io/vk-cs/vkcs\"]",
      "instances": [
        {
          "schema_version": 0,
          "attributes": {
            "fixed_ip": "192.168.199.74",
            "floating_ip": "83.166.234.87",
            "id": "091e3f5b-f638-4ac4-8cef-0e9e868cfe06",
            "port_id": "f43e148b-e9a6-4d7f-96de-885bcf5dbb55",
            "region": "RegionOne",
            "sdn": "sprut"
          },
          "sensitive_attributes": [],
          "private": "bnVsbA==",
          "dependencies": [
            "data.vkcs_networking_network.extnet",
            "vkcs_lb_loadbalancer.sng",
            "vkcs_networking_floatingip.sng_lb",
            "vkcs_networking_network.sng",
            "vkcs_networking_subnet.sng"
          ]
        }
      ]
    },
    {
      "mode": "managed",
      "type": "vkcs_networking_network",
      "name": "sng",
      "provider": "provider[\"registry.terraform.io/vk-cs/vkcs\"]",
      "instances": [
        {
          "schema_version": 0,
          "attributes": {
            "admin_state_up": true,
            "all_tags": [],
            "description": "",
            "id": "9f71ea2f-499d-4246-8dae-c1511cea7757",
            "name": "sng-net",
            "port_security_enabled": true,
            "private_dns_domain": "mcs.local.",
            "region": "RegionOne",
            "sdn": "sprut",
            "tags": null,
            "timeouts": null,
            "value_specs": null,
            "vkcs_services_access": false
          },
          "sensitive_attributes": [],
          "private": "eyJlMmJmYjczMC1lY2FhLTExZTYtOGY4OC0zNDM2M2JjN2M0YzAiOnsiY3JlYXRlIjo2MDAwMDAwMDAwMDAsImRlbGV0ZSI6NjAwMDAwMDAwMDAwfX0="
        }
      ]
    },
    {
      "mode": "managed",
      "type": "vkcs_networking_router",
      "name": "sng",
      "provider": "provider[\"registry.terraform.io/vk-cs/vkcs\"]",
      "instances": [
        {
          "schema_version": 0,
          "attributes": {
            "admin_state_up": true,
            "all_tags": [],
            "description": "",
            "external_network_id": "ec8c610e-6387-447e-83d2-d2c541e88164",
            "id": "1c524a70-a392-4305-82f5-a6ba64111e47",
            "name": "sng_router",
            "region": "RegionOne",
            "sdn": "sprut",
            "tags": null,
            "timeouts": null,
            "value_specs": null,
            "vendor_options": []
          },
          "sensitive_attributes": [],
          "private": "eyJlMmJmYjczMC1lY2FhLTExZTYtOGY4OC0zNDM2M2JjN2M0YzAiOnsiY3JlYXRlIjo2MDAwMDAwMDAwMDAsImRlbGV0ZSI6NjAwMDAwMDAwMDAwfX0=",
          "dependencies": [
            "data.vkcs_networking_network.extnet"
          ]
        }
      ]
    },
    {
      "mode": "managed",
      "type": "vkcs_networking_router_interface",
      "name": "sng",
      "provider": "provider[\"registry.terraform.io/vk-cs/vkcs\"]",
      "instances": [
        {
          "schema_version": 0,
          "attributes": {
            "id": "c0572252-1da2-43f6-975c-afdb7b70fb13",
            "port_id": "c0572252-1da2-43f6-975c-afdb7b70fb13",
            "region": "RegionOne",
            "router_id": "1c524a70-a392-4305-82f5-a6ba64111e47",
            "sdn": "all",
            "subnet_id": "eaaafbbd-3fee-4bc0-b399-de71745f265f",
            "timeouts": null
          },
          "sensitive_attributes": [],
          "private": "eyJlMmJmYjczMC1lY2FhLTExZTYtOGY4OC0zNDM2M2JjN2M0YzAiOnsiY3JlYXRlIjo2MDAwMDAwMDAwMDAsImRlbGV0ZSI6NjAwMDAwMDAwMDAwfX0=",
          "dependencies": [
            "data.vkcs_networking_network.extnet",
            "vkcs_networking_network.sng",
            "vkcs_networking_router.sng",
            "vkcs_networking_subnet.sng"
          ]
        }
      ]
    },
    {
      "mode": "managed",
      "type": "vkcs_networking_subnet",
      "name": "sng",
      "provider": "provider[\"registry.terraform.io/vk-cs/vkcs\"]",
      "instances": [
        {
          "schema_version": 0,
          "attributes": {
            "all_tags": [],
            "allocation_pool": [
              {
                "end": "192.168.199.253",
                "start": "192.168.199.1"
              }
            ],
            "cidr": "192.168.199.0/24",
            "description": "",
            "dns_nameservers": null,
            "enable_dhcp": true,
            "gateway_ip": "192.168.199.254",
            "id": "eaaafbbd-3fee-4bc0-b399-de71745f265f",
            "name": "sng-subnet",
            "network_id": "9f71ea2f-499d-4246-8dae-c1511cea7757",
            "no_gateway": false,
            "prefix_length": null,
            "region": "RegionOne",
            "sdn": "sprut",
            "subnetpool_id": "",
            "tags": null,
            "timeouts": null,
            "value_specs": null
          },
          "sensitive_attributes": [],
          "private": "eyJlMmJmYjczMC1lY2FhLTExZTYtOGY4OC0zNDM2M2JjN2M0YzAiOnsiY3JlYXRlIjo2MDAwMDAwMDAwMDAsImRlbGV0ZSI6NjAwMDAwMDAwMDAwfX0=",
          "dependencies": [
            "vkcs_networking_network.sng"
          ]
        }
      ]
    }
  ],
  "check_results": null
}
